
Microsoft Visual Studio Solution File, Format Version 12.00
# Visual Studio 2013
VisualStudioVersion = 12.0.30501.0
MinimumVisualStudioVersion = 10.0.40219.1
Project("{FAE04EC0-301F-11D3-BF4B-00C04F79EFBC}") = "Xamarin.MobileServices.Android", "Xamarin.MobileServices.Android.csproj", "{FE5E5CBE-61F0-4B98-96FC-6A730841CCDA}"
EndProject
Project("{FAE04EC0-301F-11D3-BF4B-00C04F79EFBC}") = "Xamarin.MobileServices.iOS", "..\Xamarin.MobileServices.iOS\Xamarin.MobileServices.iOS.csproj", "{50A62103-1C6C-49BB-9265-D6A9A4722129}"
EndProject
Project("{FAE04EC0-301F-11D3-BF4B-00C04F79EFBC}") = "Xamarin.MobileServices.Core", "Xamarin.MobileServices.Core\Xamarin.MobileServices.Core.csproj", "{C64EB85D-6321-4499-8AE8-18AF0349A869}"
EndProject
Global
	GlobalSection(SolutionConfigurationPlatforms) = preSolution
		Ad-Hoc|Any CPU = Ad-Hoc|Any CPU
		Ad-Hoc|iPhone = Ad-Hoc|iPhone
		Ad-Hoc|iPhoneSimulator = Ad-Hoc|iPhoneSimulator
		Ad-Hoc|Mixed Platforms = Ad-Hoc|Mixed Platforms
		AppStore|Any CPU = AppStore|Any CPU
		AppStore|iPhone = AppStore|iPhone
		AppStore|iPhoneSimulator = AppStore|iPhoneSimulator
		AppStore|Mixed Platforms = AppStore|Mixed Platforms
		Debug|Any CPU = Debug|Any CPU
		Debug|iPhone = Debug|iPhone
		Debug|iPhoneSimulator = Debug|iPhoneSimulator
		Debug|Mixed Platforms = Debug|Mixed Platforms
		Release|Any CPU = Release|Any CPU
		Release|iPhone = Release|iPhone
		Release|iPhoneSimulator = Release|iPhoneSimulator
		Release|Mixed Platforms = Release|Mixed Platforms
	EndGlobalSection
	GlobalSection(ProjectConfigurationPlatforms) = postSolution
		{FE5E5CBE-61F0-4B98-96FC-6A730841CCDA}.Ad-Hoc|Any CPU.ActiveCfg = Release|Any CPU
		{FE5E5CBE-61F0-4B98-96FC-6A730841CCDA}.Ad-Hoc|Any CPU.Build.0 = Release|Any CPU
		{FE5E5CBE-61F0-4B98-96FC-6A730841CCDA}.Ad-Hoc|Any CPU.Deploy.0 = Release|Any CPU
		{FE5E5CBE-61F0-4B98-96FC-6A730841CCDA}.Ad-Hoc|iPhone.ActiveCfg = Release|Any CPU
		{FE5E5CBE-61F0-4B98-96FC-6A730841CCDA}.Ad-Hoc|iPhoneSimulator.ActiveCfg = Release|Any CPU
		{FE5E5CBE-61F0-4B98-96FC-6A730841CCDA}.Ad-Hoc|Mixed Platforms.ActiveCfg = Release|Any CPU
		{FE5E5CBE-61F0-4B98-96FC-6A730841CCDA}.Ad-Hoc|Mixed Platforms.Build.0 = Release|Any CPU
		{FE5E5CBE-61F0-4B98-96FC-6A730841CCDA}.Ad-Hoc|Mixed Platforms.Deploy.0 = Release|Any CPU
		{FE5E5CBE-61F0-4B98-96FC-6A730841CCDA}.AppStore|Any CPU.ActiveCfg = Release|Any CPU
		{FE5E5CBE-61F0-4B98-96FC-6A730841CCDA}.AppStore|Any CPU.Build.0 = Release|Any CPU
		{FE5E5CBE-61F0-4B98-96FC-6A730841CCDA}.AppStore|Any CPU.Deploy.0 = Release|Any CPU
		{FE5E5CBE-61F0-4B98-96FC-6A730841CCDA}.AppStore|iPhone.ActiveCfg = Release|Any CPU
		{FE5E5CBE-61F0-4B98-96FC-6A730841CCDA}.AppStore|iPhoneSimulator.ActiveCfg = Release|Any CPU
		{FE5E5CBE-61F0-4B98-96FC-6A730841CCDA}.AppStore|Mixed Platforms.ActiveCfg = Release|Any CPU
		{FE5E5CBE-61F0-4B98-96FC-6A730841CCDA}.AppStore|Mixed Platforms.Build.0 = Release|Any CPU
		{FE5E5CBE-61F0-4B98-96FC-6A730841CCDA}.AppStore|Mixed Platforms.Deploy.0 = Release|Any CPU
		{FE5E5CBE-61F0-4B98-96FC-6A730841CCDA}.Debug|Any CPU.ActiveCfg = Debug|Any CPU
		{FE5E5CBE-61F0-4B98-96FC-6A730841CCDA}.Debug|Any CPU.Build.0 = Debug|Any CPU
		{FE5E5CBE-61F0-4B98-96FC-6A730841CCDA}.Debug|Any CPU.Deploy.0 = Debug|Any CPU
		{FE5E5CBE-61F0-4B98-96FC-6A730841CCDA}.Debug|iPhone.ActiveCfg = Debug|Any CPU
		{FE5E5CBE-61F0-4B98-96FC-6A730841CCDA}.Debug|iPhoneSimulator.ActiveCfg = Debug|Any CPU
		{FE5E5CBE-61F0-4B98-96FC-6A730841CCDA}.Debug|Mixed Platforms.ActiveCfg = Debug|Any CPU
		{FE5E5CBE-61F0-4B98-96FC-6A730841CCDA}.Debug|Mixed Platforms.Build.0 = Debug|Any CPU
		{FE5E5CBE-61F0-4B98-96FC-6A730841CCDA}.Debug|Mixed Platforms.Deploy.0 = Debug|Any CPU
		{FE5E5CBE-61F0-4B98-96FC-6A730841CCDA}.Release|Any CPU.ActiveCfg = Release|Any CPU
		{FE5E5CBE-61F0-4B98-96FC-6A730841CCDA}.Release|Any CPU.Build.0 = Release|Any CPU
		{FE5E5CBE-61F0-4B98-96FC-6A730841CCDA}.Release|Any CPU.Deploy.0 = Release|Any CPU
		{FE5E5CBE-61F0-4B98-96FC-6A730841CCDA}.Release|iPhone.ActiveCfg = Release|Any CPU
		{FE5E5CBE-61F0-4B98-96FC-6A730841CCDA}.Release|iPhoneSimulator.ActiveCfg = Release|Any CPU
		{FE5E5CBE-61F0-4B98-96FC-6A730841CCDA}.Release|Mixed Platforms.ActiveCfg = Release|Any CPU
		{FE5E5CBE-61F0-4B98-96FC-6A730841CCDA}.Release|Mixed Platforms.Build.0 = Release|Any CPU
		{FE5E5CBE-61F0-4B98-96FC-6A730841CCDA}.Release|Mixed Platforms.Deploy.0 = Release|Any CPU
		{50A62103-1C6C-49BB-9265-D6A9A4722129}.Ad-Hoc|Any CPU.ActiveCfg = Ad-Hoc|iPhone
		{50A62103-1C6C-49BB-9265-D6A9A4722129}.Ad-Hoc|iPhone.ActiveCfg = Ad-Hoc|iPhone
		{50A62103-1C6C-49BB-9265-D6A9A4722129}.Ad-Hoc|iPhone.Build.0 = Ad-Hoc|iPhone
		{50A62103-1C6C-49BB-9265-D6A9A4722129}.Ad-Hoc|iPhone.Deploy.0 = Ad-Hoc|iPhone
		{50A62103-1C6C-49BB-9265-D6A9A4722129}.Ad-Hoc|iPhoneSimulator.ActiveCfg = Ad-Hoc|iPhoneSimulator
		{50A62103-1C6C-49BB-9265-D6A9A4722129}.Ad-Hoc|iPhoneSimulator.Build.0 = Ad-Hoc|iPhoneSimulator
		{50A62103-1C6C-49BB-9265-D6A9A4722129}.Ad-Hoc|iPhoneSimulator.Deploy.0 = Ad-Hoc|iPhoneSimulator
		{50A62103-1C6C-49BB-9265-D6A9A4722129}.Ad-Hoc|Mixed Platforms.ActiveCfg = Ad-Hoc|iPhone
		{50A62103-1C6C-49BB-9265-D6A9A4722129}.Ad-Hoc|Mixed Platforms.Build.0 = Ad-Hoc|iPhone
		{50A62103-1C6C-49BB-9265-D6A9A4722129}.Ad-Hoc|Mixed Platforms.Deploy.0 = Ad-Hoc|iPhone
		{50A62103-1C6C-49BB-9265-D6A9A4722129}.AppStore|Any CPU.ActiveCfg = AppStore|iPhone
		{50A62103-1C6C-49BB-9265-D6A9A4722129}.AppStore|iPhone.ActiveCfg = AppStore|iPhone
		{50A62103-1C6C-49BB-9265-D6A9A4722129}.AppStore|iPhone.Build.0 = AppStore|iPhone
		{50A62103-1C6C-49BB-9265-D6A9A4722129}.AppStore|iPhone.Deploy.0 = AppStore|iPhone
		{50A62103-1C6C-49BB-9265-D6A9A4722129}.AppStore|iPhoneSimulator.ActiveCfg = AppStore|iPhoneSimulator
		{50A62103-1C6C-49BB-9265-D6A9A4722129}.AppStore|iPhoneSimulator.Build.0 = AppStore|iPhoneSimulator
		{50A62103-1C6C-49BB-9265-D6A9A4722129}.AppStore|iPhoneSimulator.Deploy.0 = AppStore|iPhoneSimulator
		{50A62103-1C6C-49BB-9265-D6A9A4722129}.AppStore|Mixed Platforms.ActiveCfg = AppStore|iPhone
		{50A62103-1C6C-49BB-9265-D6A9A4722129}.AppStore|Mixed Platforms.Build.0 = AppStore|iPhone
		{50A62103-1C6C-49BB-9265-D6A9A4722129}.AppStore|Mixed Platforms.Deploy.0 = AppStore|iPhone
		{50A62103-1C6C-49BB-9265-D6A9A4722129}.Debug|Any CPU.ActiveCfg = Debug|iPhone
		{50A62103-1C6C-49BB-9265-D6A9A4722129}.Debug|iPhone.ActiveCfg = Debug|iPhone
		{50A62103-1C6C-49BB-9265-D6A9A4722129}.Debug|iPhone.Build.0 = Debug|iPhone
		{50A62103-1C6C-49BB-9265-D6A9A4722129}.Debug|iPhone.Deploy.0 = Debug|iPhone
		{50A62103-1C6C-49BB-9265-D6A9A4722129}.Debug|iPhoneSimulator.ActiveCfg = Debug|iPhoneSimulator
		{50A62103-1C6C-49BB-9265-D6A9A4722129}.Debug|iPhoneSimulator.Build.0 = Debug|iPhoneSimulator
		{50A62103-1C6C-49BB-9265-D6A9A4722129}.Debug|iPhoneSimulator.Deploy.0 = Debug|iPhoneSimulator
		{50A62103-1C6C-49BB-9265-D6A9A4722129}.Debug|Mixed Platforms.ActiveCfg = Debug|iPhone
		{50A62103-1C6C-49BB-9265-D6A9A4722129}.Debug|Mixed Platforms.Build.0 = Debug|iPhone
		{50A62103-1C6C-49BB-9265-D6A9A4722129}.Debug|Mixed Platforms.Deploy.0 = Debug|iPhone
		{50A62103-1C6C-49BB-9265-D6A9A4722129}.Release|Any CPU.ActiveCfg = Release|iPhone
		{50A62103-1C6C-49BB-9265-D6A9A4722129}.Release|iPhone.ActiveCfg = Release|iPhone
		{50A62103-1C6C-49BB-9265-D6A9A4722129}.Release|iPhone.Build.0 = Release|iPhone
		{50A62103-1C6C-49BB-9265-D6A9A4722129}.Release|iPhone.Deploy.0 = Release|iPhone
		{50A62103-1C6C-49BB-9265-D6A9A4722129}.Release|iPhoneSimulator.ActiveCfg = Release|iPhoneSimulator
		{50A62103-1C6C-49BB-9265-D6A9A4722129}.Release|iPhoneSimulator.Build.0 = Release|iPhoneSimulator
		{50A62103-1C6C-49BB-9265-D6A9A4722129}.Release|iPhoneSimulator.Deploy.0 = Release|iPhoneSimulator
		{50A62103-1C6C-49BB-9265-D6A9A4722129}.Release|Mixed Platforms.ActiveCfg = Release|iPhone
		{50A62103-1C6C-49BB-9265-D6A9A4722129}.Release|Mixed Platforms.Build.0 = Release|iPhone
		{50A62103-1C6C-49BB-9265-D6A9A4722129}.Release|Mixed Platforms.Deploy.0 = Release|iPhone
		{C64EB85D-6321-4499-8AE8-18AF0349A869}.Ad-Hoc|Any CPU.ActiveCfg = Release|Any CPU
		{C64EB85D-6321-4499-8AE8-18AF0349A869}.Ad-Hoc|Any CPU.Build.0 = Release|Any CPU
		{C64EB85D-6321-4499-8AE8-18AF0349A869}.Ad-Hoc|iPhone.ActiveCfg = Release|Any CPU
		{C64EB85D-6321-4499-8AE8-18AF0349A869}.Ad-Hoc|iPhoneSimulator.ActiveCfg = Release|Any CPU
		{C64EB85D-6321-4499-8AE8-18AF0349A869}.Ad-Hoc|Mixed Platforms.ActiveCfg = Release|Any CPU
		{C64EB85D-6321-4499-8AE8-18AF0349A869}.Ad-Hoc|Mixed Platforms.Build.0 = Release|Any CPU
		{C64EB85D-6321-4499-8AE8-18AF0349A869}.AppStore|Any CPU.ActiveCfg = Release|Any CPU
		{C64EB85D-6321-4499-8AE8-18AF0349A869}.AppStore|Any CPU.Build.0 = Release|Any CPU
		{C64EB85D-6321-4499-8AE8-18AF0349A869}.AppStore|iPhone.ActiveCfg = Release|Any CPU
		{C64EB85D-6321-4499-8AE8-18AF0349A869}.AppStore|iPhoneSimulator.ActiveCfg = Release|Any CPU
		{C64EB85D-6321-4499-8AE8-18AF0349A869}.AppStore|Mixed Platforms.ActiveCfg = Release|Any CPU
		{C64EB85D-6321-4499-8AE8-18AF0349A869}.AppStore|Mixed Platforms.Build.0 = Release|Any CPU
		{C64EB85D-6321-4499-8AE8-18AF0349A869}.Debug|Any CPU.ActiveCfg = Debug|Any CPU
		{C64EB85D-6321-4499-8AE8-18AF0349A869}.Debug|Any CPU.Build.0 = Debug|Any CPU
		{C64EB85D-6321-4499-8AE8-18AF0349A869}.Debug|iPhone.ActiveCfg = Debug|Any CPU
		{C64EB85D-6321-4499-8AE8-18AF0349A869}.Debug|iPhoneSimulator.ActiveCfg = Debug|Any CPU
		{C64EB85D-6321-4499-8AE8-18AF0349A869}.Debug|Mixed Platforms.ActiveCfg = Debug|Any CPU
		{C64EB85D-6321-4499-8AE8-18AF0349A869}.Debug|Mixed Platforms.Build.0 = Debug|Any CPU
		{C64EB85D-6321-4499-8AE8-18AF0349A869}.Release|Any CPU.ActiveCfg = Release|Any CPU
		{C64EB85D-6321-4499-8AE8-18AF0349A869}.Release|Any CPU.Build.0 = Release|Any CPU
		{C64EB85D-6321-4499-8AE8-18AF0349A869}.Release|iPhone.ActiveCfg = Release|Any CPU
		{C64EB85D-6321-4499-8AE8-18AF0349A869}.Release|iPhoneSimulator.ActiveCfg = Release|Any CPU
		{C64EB85D-6321-4499-8AE8-18AF0349A869}.Release|Mixed Platforms.ActiveCfg = Release|Any CPU
		{C64EB85D-6321-4499-8AE8-18AF0349A869}.Release|Mixed Platforms.Build.0 = Release|Any CPU
	EndGlobalSection
	GlobalSection(SolutionProperties) = preSolution
		HideSolutionNode = FALSE
	EndGlobalSection
EndGlobal
